// !$*UTF8*$!
{
	archiveVersion = 1;
	classes = {
	};
	objectVersion = 56;
	objects = {

/* Begin PBXBuildFile section */
		BB715C792BE6F6E0005481A7 /* PersistentAppExampleWithCodableApp.swift in Sources */ = {isa = PBXBuildFile; fileRef = BB715C782BE6F6E0005481A7 /* PersistentAppExampleWithCodableApp.swift */; };
		BB715C7B2BE6F6E0005481A7 /* ContentView.swift in Sources */ = {isa = PBXBuildFile; fileRef = BB715C7A2BE6F6E0005481A7 /* ContentView.swift */; };
		BB715C7D2BE6F6E3005481A7 /* Assets.xcassets in Resources */ = {isa = PBXBuildFile; fileRef = BB715C7C2BE6F6E3005481A7 /* Assets.xcassets */; };
		BB715C802BE6F6E3005481A7 /* Preview Assets.xcassets in Resources */ = {isa = PBXBuildFile; fileRef = BB715C7F2BE6F6E3005481A7 /* Preview Assets.xcassets */; };
		BB715C892BE6F740005481A7 /* HomeView.swift in Sources */ = {isa = PBXBuildFile; fileRef = BB715C882BE6F740005481A7 /* HomeView.swift */; };
		BB715C8E2BE6F764005481A7 /* ApplicationData.swift in Sources */ = {isa = PBXBuildFile; fileRef = BB715C8A2BE6F763005481A7 /* ApplicationData.swift */; };
		BB715C8F2BE6F764005481A7 /* Pet.swift in Sources */ = {isa = PBXBuildFile; fileRef = BB715C8B2BE6F763005481A7 /* Pet.swift */; };
		BB715C912BE6F764005481A7 /* Person.swift in Sources */ = {isa = PBXBuildFile; fileRef = BB715C8D2BE6F764005481A7 /* Person.swift */; };
		BB715C942BE6F777005481A7 /* WeakObjectSet.swift in Sources */ = {isa = PBXBuildFile; fileRef = BB715C922BE6F777005481A7 /* WeakObjectSet.swift */; };
		BB715C972BE702DF005481A7 /* CodableExtensions in Frameworks */ = {isa = PBXBuildFile; productRef = BB715C962BE702DF005481A7 /* CodableExtensions */; };
		BB715CB62BE91FB7005481A7 /* PetDetailView.swift in Sources */ = {isa = PBXBuildFile; fileRef = BB715CB52BE91FB7005481A7 /* PetDetailView.swift */; };
		BB715CB82BE923DF005481A7 /* Extensions.swift in Sources */ = {isa = PBXBuildFile; fileRef = BB715CB72BE923DF005481A7 /* Extensions.swift */; };
/* End PBXBuildFile section */

/* Begin PBXFileReference section */
		BB715C752BE6F6E0005481A7 /* PersistentAppExampleWithCodable.app */ = {isa = PBXFileReference; explicitFileType = wrapper.application; includeInIndex = 0; path = PersistentAppExampleWithCodable.app; sourceTree = BUILT_PRODUCTS_DIR; };
		BB715C782BE6F6E0005481A7 /* PersistentAppExampleWithCodableApp.swift */ = {isa = PBXFileReference; lastKnownFileType = sourcecode.swift; path = PersistentAppExampleWithCodableApp.swift; sourceTree = "<group>"; };
		BB715C7A2BE6F6E0005481A7 /* ContentView.swift */ = {isa = PBXFileReference; lastKnownFileType = sourcecode.swift; path = ContentView.swift; sourceTree = "<group>"; };
		BB715C7C2BE6F6E3005481A7 /* Assets.xcassets */ = {isa = PBXFileReference; lastKnownFileType = folder.assetcatalog; path = Assets.xcassets; sourceTree = "<group>"; };
		BB715C7F2BE6F6E3005481A7 /* Preview Assets.xcassets */ = {isa = PBXFileReference; lastKnownFileType = folder.assetcatalog; path = "Preview Assets.xcassets"; sourceTree = "<group>"; };
		BB715C882BE6F740005481A7 /* HomeView.swift */ = {isa = PBXFileReference; fileEncoding = 4; lastKnownFileType = sourcecode.swift; path = HomeView.swift; sourceTree = "<group>"; };
		BB715C8A2BE6F763005481A7 /* ApplicationData.swift */ = {isa = PBXFileReference; fileEncoding = 4; lastKnownFileType = sourcecode.swift; path = ApplicationData.swift; sourceTree = "<group>"; };
		BB715C8B2BE6F763005481A7 /* Pet.swift */ = {isa = PBXFileReference; fileEncoding = 4; lastKnownFileType = sourcecode.swift; path = Pet.swift; sourceTree = "<group>"; };
		BB715C8D2BE6F764005481A7 /* Person.swift */ = {isa = PBXFileReference; fileEncoding = 4; lastKnownFileType = sourcecode.swift; path = Person.swift; sourceTree = "<group>"; };
		BB715C922BE6F777005481A7 /* WeakObjectSet.swift */ = {isa = PBXFileReference; fileEncoding = 4; lastKnownFileType = sourcecode.swift; path = WeakObjectSet.swift; sourceTree = "<group>"; };
		BB715CB52BE91FB7005481A7 /* PetDetailView.swift */ = {isa = PBXFileReference; lastKnownFileType = sourcecode.swift; path = PetDetailView.swift; sourceTree = "<group>"; };
		BB715CB72BE923DF005481A7 /* Extensions.swift */ = {isa = PBXFileReference; lastKnownFileType = sourcecode.swift; path = Extensions.swift; sourceTree = "<group>"; };
/* End PBXFileReference section */

/* Begin PBXFrameworksBuildPhase section */
		BB715C722BE6F6E0005481A7 /* Frameworks */ = {
			isa = PBXFrameworksBuildPhase;
			buildActionMask = 2147483647;
			files = (
				BB715C972BE702DF005481A7 /* CodableExtensions in Frameworks */,
			);
			runOnlyForDeploymentPostprocessing = 0;
		};
/* End PBXFrameworksBuildPhase section */

/* Begin PBXGroup section */
		BB715C6C2BE6F6E0005481A7 = {
			isa = PBXGroup;
			children = (
				BB715C772BE6F6E0005481A7 /* PersistentAppExampleWithCodable */,
				BB715C762BE6F6E0005481A7 /* Products */,
			);
			sourceTree = "<group>";
		};
		BB715C762BE6F6E0005481A7 /* Products */ = {
			isa = PBXGroup;
			children = (
				BB715C752BE6F6E0005481A7 /* PersistentAppExampleWithCodable.app */,
			);
			name = Products;
			sourceTree = "<group>";
		};
		BB715C772BE6F6E0005481A7 /* PersistentAppExampleWithCodable */ = {
			isa = PBXGroup;
			children = (
				BB715C862BE6F700005481A7 /* View */,
				BB715C7A2BE6F6E0005481A7 /* ContentView.swift */,
				BB715C872BE6F70E005481A7 /* Model */,
				BB715C7C2BE6F6E3005481A7 /* Assets.xcassets */,
				BB715C7E2BE6F6E3005481A7 /* Preview Content */,
			);
			path = PersistentAppExampleWithCodable;
			sourceTree = "<group>";
		};
		BB715C7E2BE6F6E3005481A7 /* Preview Content */ = {
			isa = PBXGroup;
			children = (
				BB715C7F2BE6F6E3005481A7 /* Preview Assets.xcassets */,
			);
			path = "Preview Content";
			sourceTree = "<group>";
		};
		BB715C862BE6F700005481A7 /* View */ = {
			isa = PBXGroup;
			children = (
				BB715C782BE6F6E0005481A7 /* PersistentAppExampleWithCodableApp.swift */,
				BB715C882BE6F740005481A7 /* HomeView.swift */,
				BB715CB52BE91FB7005481A7 /* PetDetailView.swift */,
			);
			path = View;
			sourceTree = "<group>";
		};
		BB715C872BE6F70E005481A7 /* Model */ = {
			isa = PBXGroup;
			children = (
				BB715C8A2BE6F763005481A7 /* ApplicationData.swift */,
				BB715C8D2BE6F764005481A7 /* Person.swift */,
				BB715C8B2BE6F763005481A7 /* Pet.swift */,
				BB715C932BE6F777005481A7 /* Helpers */,
			);
			path = Model;
			sourceTree = "<group>";
		};
		BB715C932BE6F777005481A7 /* Helpers */ = {
			isa = PBXGroup;
			children = (
				BB715C922BE6F777005481A7 /* WeakObjectSet.swift */,
				BB715CB72BE923DF005481A7 /* Extensions.swift */,
			);
			path = Helpers;
			sourceTree = "<group>";
		};
/* End PBXGroup section */

/* Begin PBXNativeTarget section */
		BB715C742BE6F6E0005481A7 /* PersistentAppExampleWithCodable */ = {
			isa = PBXNativeTarget;
			buildConfigurationList = BB715C832BE6F6E3005481A7 /* Build configuration list for PBXNativeTarget "PersistentAppExampleWithCodable" */;
			buildPhases = (
				BB715C712BE6F6E0005481A7 /* Sources */,
				BB715C722BE6F6E0005481A7 /* Frameworks */,
				BB715C732BE6F6E0005481A7 /* Resources */,
			);
			buildRules = (
			);
			dependencies = (
			);
			name = PersistentAppExampleWithCodable;
			packageProductDependencies = (
				BB715C962BE702DF005481A7 /* CodableExtensions */,
			);
			productName = PersistentAppExampleWithCodable;
			productReference = BB715C752BE6F6E0005481A7 /* PersistentAppExampleWithCodable.app */;
			productType = "com.apple.product-type.application";
		};
/* End PBXNativeTarget section */

/* Begin PBXProject section */
		BB715C6D2BE6F6E0005481A7 /* Project object */ = {
			isa = PBXProject;
			attributes = {
				BuildIndependentTargetsInParallel = 1;
				LastSwiftUpdateCheck = 1530;
				LastUpgradeCheck = 1530;
				TargetAttributes = {
					BB715C742BE6F6E0005481A7 = {
						CreatedOnToolsVersion = 15.3;
					};
				};
			};
			buildConfigurationList = BB715C702BE6F6E0005481A7 /* Build configuration list for PBXProject "PersistentAppExampleWithCodable" */;
			compatibilityVersion = "Xcode 14.0";
			developmentRegion = en;
			hasScannedForEncodings = 0;
			knownRegions = (
				en,
				Base,
			);
			mainGroup = BB715C6C2BE6F6E0005481A7;
			packageReferences = (
				BB715C952BE702DF005481A7 /* XCRemoteSwiftPackageReference "CodableExtensions" */,
			);
			productRefGroup = BB715C762BE6F6E0005481A7 /* Products */;
			projectDirPath = "";
			projectRoot = "";
			targets = (
				BB715C742BE6F6E0005481A7 /* PersistentAppExampleWithCodable */,
			);
		};
/* End PBXProject section */

/* Begin PBXResourcesBuildPhase section */
		BB715C732BE6F6E0005481A7 /* Resources */ = {
			isa = PBXResourcesBuildPhase;
			buildActionMask = 2147483647;
			files = (
				BB715C802BE6F6E3005481A7 /* Preview Assets.xcassets in Resources */,
				BB715C7D2BE6F6E3005481A7 /* Assets.xcassets in Resources */,
			);
			runOnlyForDeploymentPostprocessing = 0;
		};
/* End PBXResourcesBuildPhase section */

/* Begin PBXSourcesBuildPhase section */
		BB715C712BE6F6E0005481A7 /* Sources */ = {
			isa = PBXSourcesBuildPhase;
			buildActionMask = 2147483647;
			files = (
				BB715C8F2BE6F764005481A7 /* Pet.swift in Sources */,
				BB715CB82BE923DF005481A7 /* Extensions.swift in Sources */,
				BB715C942BE6F777005481A7 /* WeakObjectSet.swift in Sources */,
				BB715C892BE6F740005481A7 /* HomeView.swift in Sources */,
				BB715C7B2BE6F6E0005481A7 /* ContentView.swift in Sources */,
				BB715C912BE6F764005481A7 /* Person.swift in Sources */,
				BB715CB62BE91FB7005481A7 /* PetDetailView.swift in Sources */,
				BB715C792BE6F6E0005481A7 /* PersistentAppExampleWithCodableApp.swift in Sources */,
				BB715C8E2BE6F764005481A7 /* ApplicationData.swift in Sources */,
			);
			runOnlyForDeploymentPostprocessing = 0;
		};
/* End PBXSourcesBuildPhase section */

/* Begin XCBuildConfiguration section */
		BB715C812BE6F6E3005481A7 /* Debug */ = {
			isa = XCBuildConfiguration;
			buildSettings = {
				ALWAYS_SEARCH_USER_PATHS = NO;
				ASSETCATALOG_COMPILER_GENERATE_SWIFT_ASSET_SYMBOL_EXTENSIONS = YES;
				CLANG_ANALYZER_NONNULL = YES;
				CLANG_ANALYZER_NUMBER_OBJECT_CONVERSION = YES_AGGRESSIVE;
				CLANG_CXX_LANGUAGE_STANDARD = "gnu++20";
				CLANG_ENABLE_MODULES = YES;
				CLANG_ENABLE_OBJC_ARC = YES;
				CLANG_ENABLE_OBJC_WEAK = YES;
				CLANG_WARN_BLOCK_CAPTURE_AUTORELEASING = YES;
				CLANG_WARN_BOOL_CONVERSION = YES;
				CLANG_WARN_COMMA = YES;
				CLANG_WARN_CONSTANT_CONVERSION = YES;
				CLANG_WARN_DEPRECATED_OBJC_IMPLEMENTATIONS = YES;
				CLANG_WARN_DIRECT_OBJC_ISA_USAGE = YES_ERROR;
				CLANG_WARN_DOCUMENTATION_COMMENTS = YES;
				CLANG_WARN_EMPTY_BODY = YES;
				CLANG_WARN_ENUM_CONVERSION = YES;
				CLANG_WARN_INFINITE_RECURSION = YES;
				CLANG_WARN_INT_CONVERSION = YES;
				CLANG_WARN_NON_LITERAL_NULL_CONVERSION = YES;
				CLANG_WARN_OBJC_IMPLICIT_RETAIN_SELF = YES;
				CLANG_WARN_OBJC_LITERAL_CONVERSION = YES;
				CLANG_WARN_OBJC_ROOT_CLASS = YES_ERROR;
				CLANG_WARN_QUOTED_INCLUDE_IN_FRAMEWORK_HEADER = YES;
				CLANG_WARN_RANGE_LOOP_ANALYSIS = YES;
				CLANG_WARN_STRICT_PROTOTYPES = YES;
				CLANG_WARN_SUSPICIOUS_MOVE = YES;
				CLANG_WARN_UNGUARDED_AVAILABILITY = YES_AGGRESSIVE;
				CLANG_WARN_UNREACHABLE_CODE = YES;
				CLANG_WARN__DUPLICATE_METHOD_MATCH = YES;
				COPY_PHASE_STRIP = NO;
				DEBUG_INFORMATION_FORMAT = dwarf;
				ENABLE_STRICT_OBJC_MSGSEND = YES;
				ENABLE_TESTABILITY = YES;
				ENABLE_USER_SCRIPT_SANDBOXING = YES;
				GCC_C_LANGUAGE_STANDARD = gnu17;
				GCC_DYNAMIC_NO_PIC = NO;
				GCC_NO_COMMON_BLOCKS = YES;
				GCC_OPTIMIZATION_LEVEL = 0;
				GCC_PREPROCESSOR_DEFINITIONS = (
					"DEBUG=1",
					"$(inherited)",
				);
				GCC_WARN_64_TO_32_BIT_CONVERSION = YES;
				GCC_WARN_ABOUT_RETURN_TYPE = YES_ERROR;
				GCC_WARN_UNDECLARED_SELECTOR = YES;
				GCC_WARN_UNINITIALIZED_AUTOS = YES_AGGRESSIVE;
				GCC_WARN_UNUSED_FUNCTION = YES;
				GCC_WARN_UNUSED_VARIABLE = YES;
				IPHONEOS_DEPLOYMENT_TARGET = 17.4;
				LOCALIZATION_PREFERS_STRING_CATALOGS = YES;
				MTL_ENABLE_DEBUG_INFO = INCLUDE_SOURCE;
				MTL_FAST_MATH = YES;
				ONLY_ACTIVE_ARCH = YES;
				SDKROOT = iphoneos;
				SWIFT_ACTIVE_COMPILATION_CONDITIONS = "DEBUG $(inherited)";
				SWIFT_OPTIMIZATION_LEVEL = "-Onone";
			};
			name = Debug;
		};
		BB715C822BE6F6E3005481A7 /* Release */ = {
			isa = XCBuildConfiguration;
			buildSettings = {
				ALWAYS_SEARCH_USER_PATHS = NO;
				ASSETCATALOG_COMPILER_GENERATE_SWIFT_ASSET_SYMBOL_EXTENSIONS = YES;
				CLANG_ANALYZER_NONNULL = YES;
				CLANG_ANALYZER_NUMBER_OBJECT_CONVERSION = YES_AGGRESSIVE;
				CLANG_CXX_LANGUAGE_STANDARD = "gnu++20";
				CLANG_ENABLE_MODULES = YES;
				CLANG_ENABLE_OBJC_ARC = YES;
				CLANG_ENABLE_OBJC_WEAK = YES;
				CLANG_WARN_BLOCK_CAPTURE_AUTORELEASING = YES;
				CLANG_WARN_BOOL_CONVERSION = YES;
				CLANG_WARN_COMMA = YES;
				CLANG_WARN_CONSTANT_CONVERSION = YES;
				CLANG_WARN_DEPRECATED_OBJC_IMPLEMENTATIONS = YES;
				CLANG_WARN_DIRECT_OBJC_ISA_USAGE = YES_ERROR;
				CLANG_WARN_DOCUMENTATION_COMMENTS = YES;
				CLANG_WARN_EMPTY_BODY = YES;
				CLANG_WARN_ENUM_CONVERSION = YES;
				CLANG_WARN_INFINITE_RECURSION = YES;
				CLANG_WARN_INT_CONVERSION = YES;
				CLANG_WARN_NON_LITERAL_NULL_CONVERSION = YES;
				CLANG_WARN_OBJC_IMPLICIT_RETAIN_SELF = YES;
				CLANG_WARN_OBJC_LITERAL_CONVERSION = YES;
				CLANG_WARN_OBJC_ROOT_CLASS = YES_ERROR;
				CLANG_WARN_QUOTED_INCLUDE_IN_FRAMEWORK_HEADER = YES;
				CLANG_WARN_RANGE_LOOP_ANALYSIS = YES;
				CLANG_WARN_STRICT_PROTOTYPES = YES;
				CLANG_WARN_SUSPICIOUS_MOVE = YES;
				CLANG_WARN_UNGUARDED_AVAILABILITY = YES_AGGRESSIVE;
				CLANG_WARN_UNREACHABLE_CODE = YES;
				CLANG_WARN__DUPLICATE_METHOD_MATCH = YES;
				COPY_PHASE_STRIP = NO;
				DEBUG_INFORMATION_FORMAT = "dwarf-with-dsym";
				ENABLE_NS_ASSERTIONS = NO;
				ENABLE_STRICT_OBJC_MSGSEND = YES;
				ENABLE_USER_SCRIPT_SANDBOXING = YES;
				GCC_C_LANGUAGE_STANDARD = gnu17;
				GCC_NO_COMMON_BLOCKS = YES;
				GCC_WARN_64_TO_32_BIT_CONVERSION = YES;
				GCC_WARN_ABOUT_RETURN_TYPE = YES_ERROR;
				GCC_WARN_UNDECLARED_SELECTOR = YES;
				GCC_WARN_UNINITIALIZED_AUTOS = YES_AGGRESSIVE;
				GCC_WARN_UNUSED_FUNCTION = YES;
				GCC_WARN_UNUSED_VARIABLE = YES;
				IPHONEOS_DEPLOYMENT_TARGET = 17.4;
				LOCALIZATION_PREFERS_STRING_CATALOGS = YES;
				MTL_ENABLE_DEBUG_INFO = NO;
				MTL_FAST_MATH = YES;
				SDKROOT = iphoneos;
				SWIFT_COMPILATION_MODE = wholemodule;
				VALIDATE_PRODUCT = YES;
			};
			name = Release;
		};
		BB715C842BE6F6E3005481A7 /* Debug */ = {
			isa = XCBuildConfiguration;
			buildSettings = {
				ASSETCATALOG_COMPILER_APPICON_NAME = AppIcon;
				ASSETCATALOG_COMPILER_GLOBAL_ACCENT_COLOR_NAME = AccentColor;
				CODE_SIGN_STYLE = Automatic;
				CURRENT_PROJECT_VERSION = 1;
				DEVELOPMENT_ASSET_PATHS = "\"PersistentAppExampleWithCodable/Preview Content\"";
				DEVELOPMENT_TEAM = JT55BTWL93;
				ENABLE_PREVIEWS = YES;
				GENERATE_INFOPLIST_FILE = YES;
				INFOPLIST_KEY_UIApplicationSceneManifest_Generation = YES;
				INFOPLIST_KEY_UIApplicationSupportsIndirectInputEvents = YES;
				INFOPLIST_KEY_UILaunchScreen_Generation = YES;
				INFOPLIST_KEY_UISupportedInterfaceOrientations_iPad = "UIInterfaceOrientationPortrait UIInterfaceOrientationPortraitUpsideDown UIInterfaceOrientationLandscapeLeft UIInterfaceOrientationLandscapeRight";
				INFOPLIST_KEY_UISupportedInterfaceOrientations_iPhone = "UIInterfaceOrientationPortrait UIInterfaceOrientationLandscapeLeft UIInterfaceOrientationLandscapeRight";
				LD_RUNPATH_SEARCH_PATHS = (
					"$(inherited)",
					"@executable_path/Frameworks",
				);
				MARKETING_VERSION = 1.0;
				PRODUCT_BUNDLE_IDENTIFIER = "ecoa.puc-rio.br.PersistentAppExampleWithCodable";
				PRODUCT_NAME = "$(TARGET_NAME)";
				SWIFT_EMIT_LOC_STRINGS = YES;
				SWIFT_VERSION = 5.0;
				TARGETED_DEVICE_FAMILY = "1,2";
			};
			name = Debug;
		};
		BB715C852BE6F6E3005481A7 /* Release */ = {
			isa = XCBuildConfiguration;
			buildSettings = {
				ASSETCATALOG_COMPILER_APPICON_NAME = AppIcon;
				ASSETCATALOG_COMPILER_GLOBAL_ACCENT_COLOR_NAME = AccentColor;
				CODE_SIGN_STYLE = Automatic;
				CURRENT_PROJECT_VERSION = 1;
				DEVELOPMENT_ASSET_PATHS = "\"PersistentAppExampleWithCodable/Preview Content\"";
				DEVELOPMENT_TEAM = JT55BTWL93;
				ENABLE_PREVIEWS = YES;
				GENERATE_INFOPLIST_FILE = YES;
				INFOPLIST_KEY_UIApplicationSceneManifest_Generation = YES;
				INFOPLIST_KEY_UIApplicationSupportsIndirectInputEvents = YES;
				INFOPLIST_KEY_UILaunchScreen_Generation = YES;
				INFOPLIST_KEY_UISupportedInterfaceOrientations_iPad = "UIInterfaceOrientationPortrait UIInterfaceOrientationPortraitUpsideDown UIInterfaceOrientationLandscapeLeft UIInterfaceOrientationLandscapeRight";
				INFOPLIST_KEY_UISupportedInterfaceOrientations_iPhone = "UIInterfaceOrientationPortrait UIInterfaceOrientationLandscapeLeft UIInterfaceOrientationLandscapeRight";
				LD_RUNPATH_SEARCH_PATHS = (
					"$(inherited)",
					"@executable_path/Frameworks",
				);
				MARKETING_VERSION = 1.0;
				PRODUCT_BUNDLE_IDENTIFIER = "ecoa.puc-rio.br.PersistentAppExampleWithCodable";
				PRODUCT_NAME = "$(TARGET_NAME)";
				SWIFT_EMIT_LOC_STRINGS = YES;
				SWIFT_VERSION = 5.0;
				TARGETED_DEVICE_FAMILY = "1,2";
			};
			name = Release;
		};
/* End XCBuildConfiguration section */

/* Begin XCConfigurationList section */
		BB715C702BE6F6E0005481A7 /* Build configuration list for PBXProject "PersistentAppExampleWithCodable" */ = {
			isa = XCConfigurationList;
			buildConfigurations = (
				BB715C812BE6F6E3005481A7 /* Debug */,
				BB715C822BE6F6E3005481A7 /* Release */,
			);
			defaultConfigurationIsVisible = 0;
			defaultConfigurationName = Release;
		};
		BB715C832BE6F6E3005481A7 /* Build configuration list for PBXNativeTarget "PersistentAppExampleWithCodable" */ = {
			isa = XCConfigurationList;
			buildConfigurations = (
				BB715C842BE6F6E3005481A7 /* Debug */,
				BB715C852BE6F6E3005481A7 /* Release */,
			);
			defaultConfigurationIsVisible = 0;
			defaultConfigurationName = Release;
		};
/* End XCConfigurationList section */

/* Begin XCRemoteSwiftPackageReference section */
		BB715C952BE702DF005481A7 /* XCRemoteSwiftPackageReference "CodableExtensions" */ = {
			isa = XCRemoteSwiftPackageReference;
			repositoryURL = "https://github.com/rvenieris/CodableExtensions";
			requirement = {
				kind = upToNextMajorVersion;
				minimumVersion = 1.0.0;
			};
		};
/* End XCRemoteSwiftPackageReference section */

/* Begin XCSwiftPackageProductDependency section */
		BB715C962BE702DF005481A7 /* CodableExtensions */ = {
			isa = XCSwiftPackageProductDependency;
			package = BB715C952BE702DF005481A7 /* XCRemoteSwiftPackageReference "CodableExtensions" */;
			productName = CodableExtensions;
		};
/* End XCSwiftPackageProductDependency section */
	};
	rootObject = BB715C6D2BE6F6E0005481A7 /* Project object */;
}
